
Microsoft Visual Studio Solution File, Format Version 12.00
# Visual Studio Version 17
VisualStudioVersion = 17.11.35222.181
MinimumVisualStudioVersion = 10.0.40219.1
Project("{FAE04EC0-301F-11D3-BF4B-00C04F79EFBC}") = "WebApplication22", "WebApplication22\WebApplication22.csproj", "{2B937EC6-0B66-4811-8B49-046DFEFDACC8}"
EndProject
Project("{2150E333-8FDC-42A3-9474-1A3956D46DE8}") = "Solution Items", "Solution Items", "{151E57A7-6694-4E3D-BCEA-55F81D4290C2}"
	ProjectSection(SolutionItems) = preProject
		..\..\..\OneDrive - FinThrive\Desktop\cutout.png = ..\..\..\OneDrive - FinThrive\Desktop\cutout.png
	EndProjectSection
EndProject
Global
	GlobalSection(SolutionConfigurationPlatforms) = preSolution
		Debug|Any CPU = Debug|Any CPU
		Release|Any CPU = Release|Any CPU
	EndGlobalSection
	GlobalSection(ProjectConfigurationPlatforms) = postSolution
		{2B937EC6-0B66-4811-8B49-046DFEFDACC8}.Debug|Any CPU.ActiveCfg = Debug|Any CPU
		{2B937EC6-0B66-4811-8B49-046DFEFDACC8}.Debug|Any CPU.Build.0 = Debug|Any CPU
		{2B937EC6-0B66-4811-8B49-046DFEFDACC8}.Release|Any CPU.ActiveCfg = Release|Any CPU
		{2B937EC6-0B66-4811-8B49-046DFEFDACC8}.Release|Any CPU.Build.0 = Release|Any CPU
	EndGlobalSection
	GlobalSection(SolutionProperties) = preSolution
		HideSolutionNode = FALSE
	EndGlobalSection
	GlobalSection(ExtensibilityGlobals) = postSolution
		SolutionGuid = {68722D5F-DF61-48D3-8583-97858E3B452E}
	EndGlobalSection
EndGlobal
